
Microsoft Visual Studio Solution File, Format Version 12.00
# Visual Studio Version 17
VisualStudioVersion = 17.14.36414.22 d17.14
MinimumVisualStudioVersion = 10.0.40219.1
Project("{FAE04EC0-301F-11D3-BF4B-00C04F79EFBC}") = "test", "test\test.csproj", "{B215BDBB-6656-4B30-BB91-10AC343FA77C}"
EndProject
Global
	GlobalSection(SolutionConfigurationPlatforms) = preSolution
		Debug|Any CPU = Debug|Any CPU
		Release|Any CPU = Release|Any CPU
	EndGlobalSection
	GlobalSection(ProjectConfigurationPlatforms) = postSolution
		{B215BDBB-6656-4B30-BB91-10AC343FA77C}.Debug|Any CPU.ActiveCfg = Debug|Any CPU
		{B215BDBB-6656-4B30-BB91-10AC343FA77C}.Debug|Any CPU.Build.0 = Debug|Any CPU
		{B215BDBB-6656-4B30-BB91-10AC343FA77C}.Release|Any CPU.ActiveCfg = Release|Any CPU
		{B215BDBB-6656-4B30-BB91-10AC343FA77C}.Release|Any CPU.Build.0 = Release|Any CPU
	EndGlobalSection
	GlobalSection(SolutionProperties) = preSolution
		HideSolutionNode = FALSE
	EndGlobalSection
	GlobalSection(ExtensibilityGlobals) = postSolution
		SolutionGuid = {F007887C-D248-4854-B5D0-7889A8D07CB2}
	EndGlobalSection
EndGlobal
